<?xml version="1.0" encoding="utf-8"?>
<Project ToolsVersion="4.0" xmlns="http://schemas.microsoft.com/developer/msbuild/2003">
  <ItemGroup>
    <ClCompile Include="Systems\Keyboard.cpp">
      <Filter>Systems</Filter>
    </ClCompile>
    <ClCompile Include="stdafx.cpp" />
    <ClCompile Include="Renders\Shader.cpp">
      <Filter>Renders</Filter>
    </ClCompile>
    <ClCompile Include="Utilities\BinaryFile.cpp">
      <Filter>Utilities</Filter>
    </ClCompile>
    <ClCompile Include="Utilities\Math.cpp">
      <Filter>Utilities</Filter>
    </ClCompile>
    <ClCompile Include="Utilities\Path.cpp">
      <Filter>Utilities</Filter>
    </ClCompile>
    <ClCompile Include="Utilities\String.cpp">
      <Filter>Utilities</Filter>
    </ClCompile>
    <ClCompile Include="Utilities\Xml.cpp">
      <Filter>Utilities</Filter>
    </ClCompile>
    <ClCompile Include="Systems\Time.cpp">
      <Filter>Systems</Filter>
    </ClCompile>
    <ClCompile Include="Systems\Device.cpp">
      <Filter>Systems</Filter>
    </ClCompile>
    <ClCompile Include="Renders\Clip.cpp">
      <Filter>Renders</Filter>
    </ClCompile>
    <ClCompile Include="Renders\Rect.cpp">
      <Filter>Renders</Filter>
    </ClCompile>
    <ClCompile Include="Renders\Sprite.cpp">
      <Filter>Renders</Filter>
    </ClCompile>
    <ClCompile Include="Renders\Animation.cpp">
      <Filter>Renders</Filter>
    </ClCompile>
    <ClCompile Include="Objects\Player.cpp">
      <Filter>Objects</Filter>
    </ClCompile>
    <ClCompile Include="Viewer\Camera.cpp">
      <Filter>Viewer</Filter>
    </ClCompile>
    <ClCompile Include="Viewer\Freedom.cpp">
      <Filter>Viewer</Filter>
    </ClCompile>
    <ClCompile Include="Viewer\Following.cpp">
      <Filter>Viewer</Filter>
    </ClCompile>
    <ClCompile Include="Systems\DirectWrite.cpp">
      <Filter>Systems</Filter>
    </ClCompile>
    <ClCompile Include="Scenes\Stage1.cpp">
      <Filter>Scenes</Filter>
    </ClCompile>
    <ClCompile Include="Program.cpp" />
    <ClCompile Include="Systems\CMouse.cpp">
      <Filter>Systems</Filter>
    </ClCompile>
    <ClCompile Include="Objects\Boss.cpp">
      <Filter>Objects</Filter>
    </ClCompile>
    <ClCompile Include="Objects\Mnormal.cpp">
      <Filter>Objects</Filter>
    </ClCompile>
    <ClCompile Include="Objects\Mspecial.cpp">
      <Filter>Objects</Filter>
    </ClCompile>
    <ClCompile Include="Objects\Mself.cpp">
      <Filter>Objects</Filter>
    </ClCompile>
    <ClCompile Include="Objects\Weapon.cpp">
      <Filter>Objects</Filter>
    </ClCompile>
    <ClCompile Include="Scenes\Start.cpp">
      <Filter>Scenes</Filter>
    </ClCompile>
    <ClCompile Include="Scenes\UI.cpp">
      <Filter>Scenes</Filter>
    </ClCompile>
    <ClCompile Include="Objects\Jar.cpp">
      <Filter>Objects</Filter>
    </ClCompile>
    <ClCompile Include="Objects\Warp.cpp">
      <Filter>Objects</Filter>
    </ClCompile>
    <ClCompile Include="Objects\Table.cpp">
      <Filter>Objects</Filter>
    </ClCompile>
    <ClCompile Include="Objects\Bullet.cpp">
      <Filter>Objects</Filter>
    </ClCompile>
    <ClCompile Include="Objects\Judge.cpp" />
  </ItemGroup>
  <ItemGroup>
    <ClInclude Include="Systems\Keyboard.h">
      <Filter>Systems</Filter>
    </ClInclude>
    <ClInclude Include="Renders\Shader.h">
      <Filter>Renders</Filter>
    </ClInclude>
    <ClInclude Include="Utilities\BinaryFile.h">
      <Filter>Utilities</Filter>
    </ClInclude>
    <ClInclude Include="Utilities\Math.h">
      <Filter>Utilities</Filter>
    </ClInclude>
    <ClInclude Include="Utilities\Path.h">
      <Filter>Utilities</Filter>
    </ClInclude>
    <ClInclude Include="Utilities\String.h">
      <Filter>Utilities</Filter>
    </ClInclude>
    <ClInclude Include="Utilities\Xml.h">
      <Filter>Utilities</Filter>
    </ClInclude>
    <ClInclude Include="Systems\Time.h">
      <Filter>Systems</Filter>
    </ClInclude>
    <ClInclude Include="Systems\Device.h">
      <Filter>Systems</Filter>
    </ClInclude>
    <ClInclude Include="Renders\Clip.h">
      <Filter>Renders</Filter>
    </ClInclude>
    <ClInclude Include="Renders\Rect.h">
      <Filter>Renders</Filter>
    </ClInclude>
    <ClInclude Include="Renders\Sprite.h">
      <Filter>Renders</Filter>
    </ClInclude>
    <ClInclude Include="Renders\Animation.h">
      <Filter>Renders</Filter>
    </ClInclude>
    <ClInclude Include="Objects\Player.h">
      <Filter>Objects</Filter>
    </ClInclude>
    <ClInclude Include="Viewer\Camera.h">
      <Filter>Viewer</Filter>
    </ClInclude>
    <ClInclude Include="Viewer\Freedom.h">
      <Filter>Viewer</Filter>
    </ClInclude>
    <ClInclude Include="Viewer\IFollowing.h">
      <Filter>Viewer</Filter>
    </ClInclude>
    <ClInclude Include="Viewer\Following.h">
      <Filter>Viewer</Filter>
    </ClInclude>
    <ClInclude Include="Systems\DirectWrite.h">
      <Filter>Systems</Filter>
    </ClInclude>
    <ClInclude Include="Scenes\Scene.h">
      <Filter>Scenes</Filter>
    </ClInclude>
    <ClInclude Include="Scenes\Stage1.h">
      <Filter>Scenes</Filter>
    </ClInclude>
    <ClInclude Include="Systems\CMouse.h">
      <Filter>Systems</Filter>
    </ClInclude>
    <ClInclude Include="Objects\Boss.h">
      <Filter>Objects</Filter>
    </ClInclude>
    <ClInclude Include="Objects\Mnormal.h">
      <Filter>Objects</Filter>
    </ClInclude>
    <ClInclude Include="Objects\Mspecial.h">
      <Filter>Objects</Filter>
    </ClInclude>
    <ClInclude Include="Objects\Mself.h">
      <Filter>Objects</Filter>
    </ClInclude>
    <ClInclude Include="Objects\Weapon.h">
      <Filter>Objects</Filter>
    </ClInclude>
    <ClInclude Include="Scenes\Start.h">
      <Filter>Scenes</Filter>
    </ClInclude>
    <ClInclude Include="Scenes\UI.h">
      <Filter>Scenes</Filter>
    </ClInclude>
    <ClInclude Include="Objects\Jar.h">
      <Filter>Objects</Filter>
    </ClInclude>
    <ClInclude Include="Objects\Warp.h">
      <Filter>Objects</Filter>
    </ClInclude>
    <ClInclude Include="Objects\Table.h">
      <Filter>Objects</Filter>
    </ClInclude>
    <ClInclude Include="Objects\Bullet.h">
      <Filter>Objects</Filter>
    </ClInclude>
    <ClInclude Include="stdafx.h" />
    <ClInclude Include="Objects\Judge.h" />
  </ItemGroup>
  <ItemGroup>
    <Filter Include="Systems">
      <UniqueIdentifier>{849122bb-ff46-487c-b0ea-90fcce881bd6}</UniqueIdentifier>
    </Filter>
    <Filter Include="Renders">
      <UniqueIdentifier>{c9cc7e4f-cbd0-46f8-a3f3-7b3157b8a097}</UniqueIdentifier>
    </Filter>
    <Filter Include="Utilities">
      <UniqueIdentifier>{7fac05ca-55e7-4430-906f-317156c81b93}</UniqueIdentifier>
    </Filter>
    <Filter Include="Objects">
      <UniqueIdentifier>{63188055-7ba8-4cf2-afd3-0fde12c19c19}</UniqueIdentifier>
    </Filter>
    <Filter Include="Viewer">
      <UniqueIdentifier>{89b71cfc-d552-417b-8887-e52ba48d653b}</UniqueIdentifier>
    </Filter>
    <Filter Include="Scenes">
      <UniqueIdentifier>{361c1ed8-eea8-4ed0-bf0b-7eeade6567fa}</UniqueIdentifier>
    </Filter>
  </ItemGroup>
</Project>